
Microsoft Visual Studio Solution File, Format Version 12.00
Project("{FAE04EC0-301F-11D3-BF4B-00C04F79EFBC}") = "WebAssemblyDemo", "WebAssemblyDemo\WebAssemblyDemo.csproj", "{555310C4-7386-43C5-8F19-0EAE7F11243B}"
EndProject
Project("{FAE04EC0-301F-11D3-BF4B-00C04F79EFBC}") = "ServerDemo", "ServerDemo\ServerDemo.csproj", "{DD58DBBD-5673-4020-BD2C-094DAC08C103}"
EndProject
Project("{FAE04EC0-301F-11D3-BF4B-00C04F79EFBC}") = "DemoProject", "DemoProject\DemoProject.csproj", "{EB85C74A-92CE-4C46-B721-4BC4766A00E4}"
EndProject
Project("{FAE04EC0-301F-11D3-BF4B-00C04F79EFBC}") = "BlazorApp1.Client", "BlazorApp1\BlazorApp1.Client\BlazorApp1.Client.csproj", "{E46C2DD5-5D99-4C57-B605-8718417A04A9}"
EndProject
Project("{FAE04EC0-301F-11D3-BF4B-00C04F79EFBC}") = "Demo.Shared", "Demo.Shared\Demo.Shared.csproj", "{E543D09B-EC83-4E03-A0F8-28B34259720B}"
EndProject
Project("{FAE04EC0-301F-11D3-BF4B-00C04F79EFBC}") = "DemoProject.Tests", "DemoProject.Tests\DemoProject.Tests.csproj", "{084ADA68-7FE8-43E6-BB4A-3D5DA5834C8F}"
EndProject
Project("{FAE04EC0-301F-11D3-BF4B-00C04F79EFBC}") = "IdentityProvider", "IdentityProvider\IdentityProvider.csproj", "{44FC74EB-D94C-4839-891D-BE589A0BCD99}"
EndProject
Project("{FAE04EC0-301F-11D3-BF4B-00C04F79EFBC}") = "DemoBackend", "DemoBackend\DemoBackend.csproj", "{FA71DBFF-3D8A-4E2F-AB1E-CA95EA352D84}"
EndProject
Global
	GlobalSection(SolutionConfigurationPlatforms) = preSolution
		Debug|Any CPU = Debug|Any CPU
		Release|Any CPU = Release|Any CPU
	EndGlobalSection
	GlobalSection(ProjectConfigurationPlatforms) = postSolution
		{555310C4-7386-43C5-8F19-0EAE7F11243B}.Debug|Any CPU.ActiveCfg = Debug|Any CPU
		{555310C4-7386-43C5-8F19-0EAE7F11243B}.Debug|Any CPU.Build.0 = Debug|Any CPU
		{555310C4-7386-43C5-8F19-0EAE7F11243B}.Release|Any CPU.ActiveCfg = Release|Any CPU
		{555310C4-7386-43C5-8F19-0EAE7F11243B}.Release|Any CPU.Build.0 = Release|Any CPU
		{DD58DBBD-5673-4020-BD2C-094DAC08C103}.Debug|Any CPU.ActiveCfg = Debug|Any CPU
		{DD58DBBD-5673-4020-BD2C-094DAC08C103}.Debug|Any CPU.Build.0 = Debug|Any CPU
		{DD58DBBD-5673-4020-BD2C-094DAC08C103}.Release|Any CPU.ActiveCfg = Release|Any CPU
		{DD58DBBD-5673-4020-BD2C-094DAC08C103}.Release|Any CPU.Build.0 = Release|Any CPU
		{EB85C74A-92CE-4C46-B721-4BC4766A00E4}.Debug|Any CPU.ActiveCfg = Debug|Any CPU
		{EB85C74A-92CE-4C46-B721-4BC4766A00E4}.Debug|Any CPU.Build.0 = Debug|Any CPU
		{EB85C74A-92CE-4C46-B721-4BC4766A00E4}.Release|Any CPU.ActiveCfg = Release|Any CPU
		{EB85C74A-92CE-4C46-B721-4BC4766A00E4}.Release|Any CPU.Build.0 = Release|Any CPU
		{E46C2DD5-5D99-4C57-B605-8718417A04A9}.Debug|Any CPU.ActiveCfg = Debug|Any CPU
		{E46C2DD5-5D99-4C57-B605-8718417A04A9}.Debug|Any CPU.Build.0 = Debug|Any CPU
		{E46C2DD5-5D99-4C57-B605-8718417A04A9}.Release|Any CPU.ActiveCfg = Release|Any CPU
		{E46C2DD5-5D99-4C57-B605-8718417A04A9}.Release|Any CPU.Build.0 = Release|Any CPU
		{E543D09B-EC83-4E03-A0F8-28B34259720B}.Debug|Any CPU.ActiveCfg = Debug|Any CPU
		{E543D09B-EC83-4E03-A0F8-28B34259720B}.Debug|Any CPU.Build.0 = Debug|Any CPU
		{E543D09B-EC83-4E03-A0F8-28B34259720B}.Release|Any CPU.ActiveCfg = Release|Any CPU
		{E543D09B-EC83-4E03-A0F8-28B34259720B}.Release|Any CPU.Build.0 = Release|Any CPU
		{084ADA68-7FE8-43E6-BB4A-3D5DA5834C8F}.Debug|Any CPU.ActiveCfg = Debug|Any CPU
		{084ADA68-7FE8-43E6-BB4A-3D5DA5834C8F}.Debug|Any CPU.Build.0 = Debug|Any CPU
		{084ADA68-7FE8-43E6-BB4A-3D5DA5834C8F}.Release|Any CPU.ActiveCfg = Release|Any CPU
		{084ADA68-7FE8-43E6-BB4A-3D5DA5834C8F}.Release|Any CPU.Build.0 = Release|Any CPU
		{44FC74EB-D94C-4839-891D-BE589A0BCD99}.Debug|Any CPU.ActiveCfg = Debug|Any CPU
		{44FC74EB-D94C-4839-891D-BE589A0BCD99}.Debug|Any CPU.Build.0 = Debug|Any CPU
		{44FC74EB-D94C-4839-891D-BE589A0BCD99}.Release|Any CPU.ActiveCfg = Release|Any CPU
		{44FC74EB-D94C-4839-891D-BE589A0BCD99}.Release|Any CPU.Build.0 = Release|Any CPU
		{FA71DBFF-3D8A-4E2F-AB1E-CA95EA352D84}.Debug|Any CPU.ActiveCfg = Debug|Any CPU
		{FA71DBFF-3D8A-4E2F-AB1E-CA95EA352D84}.Debug|Any CPU.Build.0 = Debug|Any CPU
		{FA71DBFF-3D8A-4E2F-AB1E-CA95EA352D84}.Release|Any CPU.ActiveCfg = Release|Any CPU
		{FA71DBFF-3D8A-4E2F-AB1E-CA95EA352D84}.Release|Any CPU.Build.0 = Release|Any CPU
	EndGlobalSection
EndGlobal
